FORGE
  remote: https://forgeapi.puppetlabs.com
  specs:
    gbrown-yumrepos (0.0.3)
      puppetlabs-stdlib (>= 3.0.0)
    puppetlabs-ntp (4.1.2)
      puppetlabs-stdlib (< 5.0.0, >= 4.6.0)
    puppetlabs-stdlib (4.11.0)

DEPENDENCIES
  gbrown-yumrepos (>= 0)
  puppetlabs-ntp (>= 0)
  puppetlabs-stdlib (>= 1.0.0)

